// !$*UTF8*$!
{
	archiveVersion = 1;
	classes = {
	};
	objectVersion = 56;
	objects = {

/* Begin PBXBuildFile section */
		207A83582A10850300BDB75E /* BuildingRooms.swift in Sources */ = {isa = PBXBuildFile; fileRef = 207A83572A10850300BDB75E /* BuildingRooms.swift */; };
		2585BD802A0B5D9200B82695 /* RoomsViewController.swift in Sources */ = {isa = PBXBuildFile; fileRef = 2585BD7F2A0B5D9200B82695 /* RoomsViewController.swift */; };
		69FB77912A18960700CCDA38 /* BuildingDataHandler.swift in Sources */ = {isa = PBXBuildFile; fileRef = 69FB77902A18960700CCDA38 /* BuildingDataHandler.swift */; };
		69FB77932A18C2C400CCDA38 /* ErrorHandler.swift in Sources */ = {isa = PBXBuildFile; fileRef = 69FB77922A18C2C400CCDA38 /* ErrorHandler.swift */; };
		C05A95362A08CFAF00925C82 /* AppDelegate.swift in Sources */ = {isa = PBXBuildFile; fileRef = C05A95352A08CFAF00925C82 /* AppDelegate.swift */; };
		C05A95382A08CFAF00925C82 /* SceneDelegate.swift in Sources */ = {isa = PBXBuildFile; fileRef = C05A95372A08CFAF00925C82 /* SceneDelegate.swift */; };
		C05A953A2A08CFAF00925C82 /* LogInViewController.swift in Sources */ = {isa = PBXBuildFile; fileRef = C05A95392A08CFAF00925C82 /* LogInViewController.swift */; };
		C05A953D2A08CFAF00925C82 /* Main.storyboard in Resources */ = {isa = PBXBuildFile; fileRef = C05A953B2A08CFAF00925C82 /* Main.storyboard */; };
		C05A953F2A08CFB100925C82 /* Assets.xcassets in Resources */ = {isa = PBXBuildFile; fileRef = C05A953E2A08CFB100925C82 /* Assets.xcassets */; };
		C05A95422A08CFB100925C82 /* LaunchScreen.storyboard in Resources */ = {isa = PBXBuildFile; fileRef = C05A95402A08CFB100925C82 /* LaunchScreen.storyboard */; };
		C0D10FCB2A09EFDE00908B85 /* SettingsViewController.swift in Sources */ = {isa = PBXBuildFile; fileRef = C0D10FCA2A09EFDE00908B85 /* SettingsViewController.swift */; };
		C0D10FCF2A09F05000908B85 /* ConfirmViewController.swift in Sources */ = {isa = PBXBuildFile; fileRef = C0D10FCE2A09F05000908B85 /* ConfirmViewController.swift */; };
/* End PBXBuildFile section */

/* Begin PBXFileReference section */
		207A83572A10850300BDB75E /* BuildingRooms.swift */ = {isa = PBXFileReference; lastKnownFileType = sourcecode.swift; path = BuildingRooms.swift; sourceTree = "<group>"; };
		2585BD7F2A0B5D9200B82695 /* RoomsViewController.swift */ = {isa = PBXFileReference; lastKnownFileType = sourcecode.swift; path = RoomsViewController.swift; sourceTree = "<group>"; };
		69FB77902A18960700CCDA38 /* BuildingDataHandler.swift */ = {isa = PBXFileReference; lastKnownFileType = sourcecode.swift; path = BuildingDataHandler.swift; sourceTree = "<group>"; };
		69FB77922A18C2C400CCDA38 /* ErrorHandler.swift */ = {isa = PBXFileReference; lastKnownFileType = sourcecode.swift; path = ErrorHandler.swift; sourceTree = "<group>"; };
		C05A95322A08CFAF00925C82 /* Booking.app */ = {isa = PBXFileReference; explicitFileType = wrapper.application; includeInIndex = 0; path = Booking.app; sourceTree = BUILT_PRODUCTS_DIR; };
		C05A95352A08CFAF00925C82 /* AppDelegate.swift */ = {isa = PBXFileReference; lastKnownFileType = sourcecode.swift; path = AppDelegate.swift; sourceTree = "<group>"; };
		C05A95372A08CFAF00925C82 /* SceneDelegate.swift */ = {isa = PBXFileReference; lastKnownFileType = sourcecode.swift; path = SceneDelegate.swift; sourceTree = "<group>"; };
		C05A95392A08CFAF00925C82 /* LogInViewController.swift */ = {isa = PBXFileReference; lastKnownFileType = sourcecode.swift; path = LogInViewController.swift; sourceTree = "<group>"; };
		C05A953C2A08CFAF00925C82 /* Base */ = {isa = PBXFileReference; lastKnownFileType = file.storyboard; name = Base; path = Base.lproj/Main.storyboard; sourceTree = "<group>"; };
		C05A953E2A08CFB100925C82 /* Assets.xcassets */ = {isa = PBXFileReference; lastKnownFileType = folder.assetcatalog; path = Assets.xcassets; sourceTree = "<group>"; };
		C05A95412A08CFB100925C82 /* Base */ = {isa = PBXFileReference; lastKnownFileType = file.storyboard; name = Base; path = Base.lproj/LaunchScreen.storyboard; sourceTree = "<group>"; };
		C05A95432A08CFB100925C82 /* Info.plist */ = {isa = PBXFileReference; lastKnownFileType = text.plist.xml; path = Info.plist; sourceTree = "<group>"; };
		C0D10FCA2A09EFDE00908B85 /* SettingsViewController.swift */ = {isa = PBXFileReference; lastKnownFileType = sourcecode.swift; path = SettingsViewController.swift; sourceTree = "<group>"; };
		C0D10FCE2A09F05000908B85 /* ConfirmViewController.swift */ = {isa = PBXFileReference; lastKnownFileType = sourcecode.swift; path = ConfirmViewController.swift; sourceTree = "<group>"; };
/* End PBXFileReference section */

/* Begin PBXFrameworksBuildPhase section */
		C05A952F2A08CFAF00925C82 /* Frameworks */ = {
			isa = PBXFrameworksBuildPhase;
			buildActionMask = 2147483647;
			files = (
			);
			runOnlyForDeploymentPostprocessing = 0;
		};
/* End PBXFrameworksBuildPhase section */

/* Begin PBXGroup section */
		207A83562A1082F300BDB75E /* Model */ = {
			isa = PBXGroup;
			children = (
				207A83572A10850300BDB75E /* BuildingRooms.swift */,
				69FB77902A18960700CCDA38 /* BuildingDataHandler.swift */,
				69FB77922A18C2C400CCDA38 /* ErrorHandler.swift */,
			);
			path = Model;
			sourceTree = "<group>";
		};
		2585BD7D2A0B5D2E00B82695 /* View */ = {
			isa = PBXGroup;
			children = (
				C05A953B2A08CFAF00925C82 /* Main.storyboard */,
			);
			path = View;
			sourceTree = "<group>";
		};
		C05A95292A08CFAF00925C82 = {
			isa = PBXGroup;
			children = (
				C05A95342A08CFAF00925C82 /* Booking */,
				C05A95332A08CFAF00925C82 /* Products */,
			);
			sourceTree = "<group>";
		};
		C05A95332A08CFAF00925C82 /* Products */ = {
			isa = PBXGroup;
			children = (
				C05A95322A08CFAF00925C82 /* Booking.app */,
			);
			name = Products;
			sourceTree = "<group>";
		};
		C05A95342A08CFAF00925C82 /* Booking */ = {
			isa = PBXGroup;
			children = (
				207A83562A1082F300BDB75E /* Model */,
				2585BD7D2A0B5D2E00B82695 /* View */,
				C0D10FC72A09EF9F00908B85 /* Controllers */,
				C05A95352A08CFAF00925C82 /* AppDelegate.swift */,
				C05A95372A08CFAF00925C82 /* SceneDelegate.swift */,
				C05A953E2A08CFB100925C82 /* Assets.xcassets */,
				C05A95402A08CFB100925C82 /* LaunchScreen.storyboard */,
				C05A95432A08CFB100925C82 /* Info.plist */,
			);
			path = Booking;
			sourceTree = "<group>";
		};
		C0D10FC72A09EF9F00908B85 /* Controllers */ = {
			isa = PBXGroup;
			children = (
				C05A95392A08CFAF00925C82 /* LogInViewController.swift */,
				C0D10FCA2A09EFDE00908B85 /* SettingsViewController.swift */,
				C0D10FCE2A09F05000908B85 /* ConfirmViewController.swift */,
				2585BD7F2A0B5D9200B82695 /* RoomsViewController.swift */,
			);
			path = Controllers;
			sourceTree = "<group>";
		};
/* End PBXGroup section */

/* Begin PBXNativeTarget section */
		C05A95312A08CFAF00925C82 /* Booking */ = {
			isa = PBXNativeTarget;
			buildConfigurationList = C05A95462A08CFB100925C82 /* Build configuration list for PBXNativeTarget "Booking" */;
			buildPhases = (
				C05A952E2A08CFAF00925C82 /* Sources */,
				C05A952F2A08CFAF00925C82 /* Frameworks */,
				C05A95302A08CFAF00925C82 /* Resources */,
			);
			buildRules = (
			);
			dependencies = (
			);
			name = Booking;
			productName = Booking;
			productReference = C05A95322A08CFAF00925C82 /* Booking.app */;
			productType = "com.apple.product-type.application";
		};
/* End PBXNativeTarget section */

/* Begin PBXProject section */
		C05A952A2A08CFAF00925C82 /* Project object */ = {
			isa = PBXProject;
			attributes = {
				BuildIndependentTargetsInParallel = 1;
				LastSwiftUpdateCheck = 1420;
				LastUpgradeCheck = 1420;
				TargetAttributes = {
					C05A95312A08CFAF00925C82 = {
						CreatedOnToolsVersion = 14.2;
					};
				};
			};
			buildConfigurationList = C05A952D2A08CFAF00925C82 /* Build configuration list for PBXProject "Booking" */;
			compatibilityVersion = "Xcode 14.0";
			developmentRegion = en;
			hasScannedForEncodings = 0;
			knownRegions = (
				en,
				Base,
			);
			mainGroup = C05A95292A08CFAF00925C82;
			productRefGroup = C05A95332A08CFAF00925C82 /* Products */;
			projectDirPath = "";
			projectRoot = "";
			targets = (
				C05A95312A08CFAF00925C82 /* Booking */,
			);
		};
/* End PBXProject section */

/* Begin PBXResourcesBuildPhase section */
		C05A95302A08CFAF00925C82 /* Resources */ = {
			isa = PBXResourcesBuildPhase;
			buildActionMask = 2147483647;
			files = (
				C05A95422A08CFB100925C82 /* LaunchScreen.storyboard in Resources */,
				C05A953F2A08CFB100925C82 /* Assets.xcassets in Resources */,
				C05A953D2A08CFAF00925C82 /* Main.storyboard in Resources */,
			);
			runOnlyForDeploymentPostprocessing = 0;
		};
/* End PBXResourcesBuildPhase section */

/* Begin PBXSourcesBuildPhase section */
		C05A952E2A08CFAF00925C82 /* Sources */ = {
			isa = PBXSourcesBuildPhase;
			buildActionMask = 2147483647;
			files = (
				C0D10FCF2A09F05000908B85 /* ConfirmViewController.swift in Sources */,
				2585BD802A0B5D9200B82695 /* RoomsViewController.swift in Sources */,
				C05A953A2A08CFAF00925C82 /* LogInViewController.swift in Sources */,
				C05A95362A08CFAF00925C82 /* AppDelegate.swift in Sources */,
				69FB77912A18960700CCDA38 /* BuildingDataHandler.swift in Sources */,
				C05A95382A08CFAF00925C82 /* SceneDelegate.swift in Sources */,
				69FB77932A18C2C400CCDA38 /* ErrorHandler.swift in Sources */,
				C0D10FCB2A09EFDE00908B85 /* SettingsViewController.swift in Sources */,
				207A83582A10850300BDB75E /* BuildingRooms.swift in Sources */,
			);
			runOnlyForDeploymentPostprocessing = 0;
		};
/* End PBXSourcesBuildPhase section */

/* Begin PBXVariantGroup section */
		C05A953B2A08CFAF00925C82 /* Main.storyboard */ = {
			isa = PBXVariantGroup;
			children = (
				C05A953C2A08CFAF00925C82 /* Base */,
			);
			name = Main.storyboard;
			sourceTree = "<group>";
		};
		C05A95402A08CFB100925C82 /* LaunchScreen.storyboard */ = {
			isa = PBXVariantGroup;
			children = (
				C05A95412A08CFB100925C82 /* Base */,
			);
			name = LaunchScreen.storyboard;
			sourceTree = "<group>";
		};
/* End PBXVariantGroup section */

/* Begin XCBuildConfiguration section */
		C05A95442A08CFB100925C82 /* Debug */ = {
			isa = XCBuildConfiguration;
			buildSettings = {
				ALWAYS_SEARCH_USER_PATHS = NO;
				CLANG_ANALYZER_NONNULL = YES;
				CLANG_ANALYZER_NUMBER_OBJECT_CONVERSION = YES_AGGRESSIVE;
				CLANG_CXX_LANGUAGE_STANDARD = "gnu++20";
				CLANG_ENABLE_MODULES = YES;
				CLANG_ENABLE_OBJC_ARC = YES;
				CLANG_ENABLE_OBJC_WEAK = YES;
				CLANG_WARN_BLOCK_CAPTURE_AUTORELEASING = YES;
				CLANG_WARN_BOOL_CONVERSION = YES;
				CLANG_WARN_COMMA = YES;
				CLANG_WARN_CONSTANT_CONVERSION = YES;
				CLANG_WARN_DEPRECATED_OBJC_IMPLEMENTATIONS = YES;
				CLANG_WARN_DIRECT_OBJC_ISA_USAGE = YES_ERROR;
				CLANG_WARN_DOCUMENTATION_COMMENTS = YES;
				CLANG_WARN_EMPTY_BODY = YES;
				CLANG_WARN_ENUM_CONVERSION = YES;
				CLANG_WARN_INFINITE_RECURSION = YES;
				CLANG_WARN_INT_CONVERSION = YES;
				CLANG_WARN_NON_LITERAL_NULL_CONVERSION = YES;
				CLANG_WARN_OBJC_IMPLICIT_RETAIN_SELF = YES;
				CLANG_WARN_OBJC_LITERAL_CONVERSION = YES;
				CLANG_WARN_OBJC_ROOT_CLASS = YES_ERROR;
				CLANG_WARN_QUOTED_INCLUDE_IN_FRAMEWORK_HEADER = YES;
				CLANG_WARN_RANGE_LOOP_ANALYSIS = YES;
				CLANG_WARN_STRICT_PROTOTYPES = YES;
				CLANG_WARN_SUSPICIOUS_MOVE = YES;
				CLANG_WARN_UNGUARDED_AVAILABILITY = YES_AGGRESSIVE;
				CLANG_WARN_UNREACHABLE_CODE = YES;
				CLANG_WARN__DUPLICATE_METHOD_MATCH = YES;
				COPY_PHASE_STRIP = NO;
				DEBUG_INFORMATION_FORMAT = dwarf;
				ENABLE_STRICT_OBJC_MSGSEND = YES;
				ENABLE_TESTABILITY = YES;
				GCC_C_LANGUAGE_STANDARD = gnu11;
				GCC_DYNAMIC_NO_PIC = NO;
				GCC_NO_COMMON_BLOCKS = YES;
				GCC_OPTIMIZATION_LEVEL = 0;
				GCC_PREPROCESSOR_DEFINITIONS = (
					"DEBUG=1",
					"$(inherited)",
				);
				GCC_WARN_64_TO_32_BIT_CONVERSION = YES;
				GCC_WARN_ABOUT_RETURN_TYPE = YES_ERROR;
				GCC_WARN_UNDECLARED_SELECTOR = YES;
				GCC_WARN_UNINITIALIZED_AUTOS = YES_AGGRESSIVE;
				GCC_WARN_UNUSED_FUNCTION = YES;
				GCC_WARN_UNUSED_VARIABLE = YES;
				IPHONEOS_DEPLOYMENT_TARGET = 16.2;
				MTL_ENABLE_DEBUG_INFO = INCLUDE_SOURCE;
				MTL_FAST_MATH = YES;
				ONLY_ACTIVE_ARCH = YES;
				SDKROOT = iphoneos;
				SWIFT_ACTIVE_COMPILATION_CONDITIONS = DEBUG;
				SWIFT_OPTIMIZATION_LEVEL = "-Onone";
			};
			name = Debug;
		};
		C05A95452A08CFB100925C82 /* Release */ = {
			isa = XCBuildConfiguration;
			buildSettings = {
				ALWAYS_SEARCH_USER_PATHS = NO;
				CLANG_ANALYZER_NONNULL = YES;
				CLANG_ANALYZER_NUMBER_OBJECT_CONVERSION = YES_AGGRESSIVE;
				CLANG_CXX_LANGUAGE_STANDARD = "gnu++20";
				CLANG_ENABLE_MODULES = YES;
				CLANG_ENABLE_OBJC_ARC = YES;
				CLANG_ENABLE_OBJC_WEAK = YES;
				CLANG_WARN_BLOCK_CAPTURE_AUTORELEASING = YES;
				CLANG_WARN_BOOL_CONVERSION = YES;
				CLANG_WARN_COMMA = YES;
				CLANG_WARN_CONSTANT_CONVERSION = YES;
				CLANG_WARN_DEPRECATED_OBJC_IMPLEMENTATIONS = YES;
				CLANG_WARN_DIRECT_OBJC_ISA_USAGE = YES_ERROR;
				CLANG_WARN_DOCUMENTATION_COMMENTS = YES;
				CLANG_WARN_EMPTY_BODY = YES;
				CLANG_WARN_ENUM_CONVERSION = YES;
				CLANG_WARN_INFINITE_RECURSION = YES;
				CLANG_WARN_INT_CONVERSION = YES;
				CLANG_WARN_NON_LITERAL_NULL_CONVERSION = YES;
				CLANG_WARN_OBJC_IMPLICIT_RETAIN_SELF = YES;
				CLANG_WARN_OBJC_LITERAL_CONVERSION = YES;
				CLANG_WARN_OBJC_ROOT_CLASS = YES_ERROR;
				CLANG_WARN_QUOTED_INCLUDE_IN_FRAMEWORK_HEADER = YES;
				CLANG_WARN_RANGE_LOOP_ANALYSIS = YES;
				CLANG_WARN_STRICT_PROTOTYPES = YES;
				CLANG_WARN_SUSPICIOUS_MOVE = YES;
				CLANG_WARN_UNGUARDED_AVAILABILITY = YES_AGGRESSIVE;
				CLANG_WARN_UNREACHABLE_CODE = YES;
				CLANG_WARN__DUPLICATE_METHOD_MATCH = YES;
				COPY_PHASE_STRIP = NO;
				DEBUG_INFORMATION_FORMAT = "dwarf-with-dsym";
				ENABLE_NS_ASSERTIONS = NO;
				ENABLE_STRICT_OBJC_MSGSEND = YES;
				GCC_C_LANGUAGE_STANDARD = gnu11;
				GCC_NO_COMMON_BLOCKS = YES;
				GCC_WARN_64_TO_32_BIT_CONVERSION = YES;
				GCC_WARN_ABOUT_RETURN_TYPE = YES_ERROR;
				GCC_WARN_UNDECLARED_SELECTOR = YES;
				GCC_WARN_UNINITIALIZED_AUTOS = YES_AGGRESSIVE;
				GCC_WARN_UNUSED_FUNCTION = YES;
				GCC_WARN_UNUSED_VARIABLE = YES;
				IPHONEOS_DEPLOYMENT_TARGET = 16.2;
				MTL_ENABLE_DEBUG_INFO = NO;
				MTL_FAST_MATH = YES;
				SDKROOT = iphoneos;
				SWIFT_COMPILATION_MODE = wholemodule;
				SWIFT_OPTIMIZATION_LEVEL = "-O";
				VALIDATE_PRODUCT = YES;
			};
			name = Release;
		};
		C05A95472A08CFB100925C82 /* Debug */ = {
			isa = XCBuildConfiguration;
			buildSettings = {
				ASSETCATALOG_COMPILER_APPICON_NAME = AppIcon;
				ASSETCATALOG_COMPILER_GLOBAL_ACCENT_COLOR_NAME = AccentColor;
				CODE_SIGN_STYLE = Automatic;
				CURRENT_PROJECT_VERSION = 1;
				GENERATE_INFOPLIST_FILE = YES;
				INFOPLIST_FILE = Booking/Info.plist;
				INFOPLIST_KEY_UIApplicationSupportsIndirectInputEvents = YES;
				INFOPLIST_KEY_UILaunchStoryboardName = LaunchScreen;
				INFOPLIST_KEY_UISupportedInterfaceOrientations_iPad = "UIInterfaceOrientationPortrait UIInterfaceOrientationPortraitUpsideDown UIInterfaceOrientationLandscapeLeft UIInterfaceOrientationLandscapeRight";
				INFOPLIST_KEY_UISupportedInterfaceOrientations_iPhone = "UIInterfaceOrientationPortrait UIInterfaceOrientationLandscapeLeft UIInterfaceOrientationLandscapeRight";
				LD_RUNPATH_SEARCH_PATHS = (
					"$(inherited)",
					"@executable_path/Frameworks",
				);
				MARKETING_VERSION = 1.0;
				PRODUCT_BUNDLE_IDENTIFIER = au.edu.uts.Booking;
				PRODUCT_NAME = "$(TARGET_NAME)";
				SWIFT_EMIT_LOC_STRINGS = YES;
				SWIFT_VERSION = 5.0;
				TARGETED_DEVICE_FAMILY = "1,2";
			};
			name = Debug;
		};
		C05A95482A08CFB100925C82 /* Release */ = {
			isa = XCBuildConfiguration;
			buildSettings = {
				ASSETCATALOG_COMPILER_APPICON_NAME = AppIcon;
				ASSETCATALOG_COMPILER_GLOBAL_ACCENT_COLOR_NAME = AccentColor;
				CODE_SIGN_STYLE = Automatic;
				CURRENT_PROJECT_VERSION = 1;
				GENERATE_INFOPLIST_FILE = YES;
				INFOPLIST_FILE = Booking/Info.plist;
				INFOPLIST_KEY_UIApplicationSupportsIndirectInputEvents = YES;
				INFOPLIST_KEY_UILaunchStoryboardName = LaunchScreen;
				INFOPLIST_KEY_UISupportedInterfaceOrientations_iPad = "UIInterfaceOrientationPortrait UIInterfaceOrientationPortraitUpsideDown UIInterfaceOrientationLandscapeLeft UIInterfaceOrientationLandscapeRight";
				INFOPLIST_KEY_UISupportedInterfaceOrientations_iPhone = "UIInterfaceOrientationPortrait UIInterfaceOrientationLandscapeLeft UIInterfaceOrientationLandscapeRight";
				LD_RUNPATH_SEARCH_PATHS = (
					"$(inherited)",
					"@executable_path/Frameworks",
				);
				MARKETING_VERSION = 1.0;
				PRODUCT_BUNDLE_IDENTIFIER = au.edu.uts.Booking;
				PRODUCT_NAME = "$(TARGET_NAME)";
				SWIFT_EMIT_LOC_STRINGS = YES;
				SWIFT_VERSION = 5.0;
				TARGETED_DEVICE_FAMILY = "1,2";
			};
			name = Release;
		};
/* End XCBuildConfiguration section */

/* Begin XCConfigurationList section */
		C05A952D2A08CFAF00925C82 /* Build configuration list for PBXProject "Booking" */ = {
			isa = XCConfigurationList;
			buildConfigurations = (
				C05A95442A08CFB100925C82 /* Debug */,
				C05A95452A08CFB100925C82 /* Release */,
			);
			defaultConfigurationIsVisible = 0;
			defaultConfigurationName = Release;
		};
		C05A95462A08CFB100925C82 /* Build configuration list for PBXNativeTarget "Booking" */ = {
			isa = XCConfigurationList;
			buildConfigurations = (
				C05A95472A08CFB100925C82 /* Debug */,
				C05A95482A08CFB100925C82 /* Release */,
			);
			defaultConfigurationIsVisible = 0;
			defaultConfigurationName = Release;
		};
/* End XCConfigurationList section */
	};
	rootObject = C05A952A2A08CFAF00925C82 /* Project object */;
}
